
Microsoft Visual Studio Solution File, Format Version 12.00
# Visual Studio Version 16
VisualStudioVersion = 16.0.29519.87
MinimumVisualStudioVersion = 10.0.40219.1
Project("{FAE04EC0-301F-11D3-BF4B-00C04F79EFBC}") = "CodeFirstApiProject", "CodeFirstApiProject.csproj", "{B2F8E7B4-A517-4064-B501-9E2345FA7425}"
EndProject
Global
	GlobalSection(SolutionConfigurationPlatforms) = preSolution
		Debug|Any CPU = Debug|Any CPU
		Debug|iPhone = Debug|iPhone
		Debug|iPhoneSimulator = Debug|iPhoneSimulator
		Release|Any CPU = Release|Any CPU
		Release|iPhone = Release|iPhone
		Release|iPhoneSimulator = Release|iPhoneSimulator
	EndGlobalSection
	GlobalSection(ProjectConfigurationPlatforms) = postSolution
		{B2F8E7B4-A517-4064-B501-9E2345FA7425}.Debug|Any CPU.ActiveCfg = Debug|Any CPU
		{B2F8E7B4-A517-4064-B501-9E2345FA7425}.Debug|Any CPU.Build.0 = Debug|Any CPU
		{B2F8E7B4-A517-4064-B501-9E2345FA7425}.Debug|iPhone.ActiveCfg = Debug|Any CPU
		{B2F8E7B4-A517-4064-B501-9E2345FA7425}.Debug|iPhone.Build.0 = Debug|Any CPU
		{B2F8E7B4-A517-4064-B501-9E2345FA7425}.Debug|iPhoneSimulator.ActiveCfg = Debug|Any CPU
		{B2F8E7B4-A517-4064-B501-9E2345FA7425}.Debug|iPhoneSimulator.Build.0 = Debug|Any CPU
		{B2F8E7B4-A517-4064-B501-9E2345FA7425}.Release|Any CPU.ActiveCfg = Release|Any CPU
		{B2F8E7B4-A517-4064-B501-9E2345FA7425}.Release|Any CPU.Build.0 = Release|Any CPU
		{B2F8E7B4-A517-4064-B501-9E2345FA7425}.Release|iPhone.ActiveCfg = Release|Any CPU
		{B2F8E7B4-A517-4064-B501-9E2345FA7425}.Release|iPhone.Build.0 = Release|Any CPU
		{B2F8E7B4-A517-4064-B501-9E2345FA7425}.Release|iPhoneSimulator.ActiveCfg = Release|Any CPU
		{B2F8E7B4-A517-4064-B501-9E2345FA7425}.Release|iPhoneSimulator.Build.0 = Release|Any CPU
	EndGlobalSection
	GlobalSection(SolutionProperties) = preSolution
		HideSolutionNode = FALSE
	EndGlobalSection
	GlobalSection(ExtensibilityGlobals) = postSolution
		SolutionGuid = {73082B56-B13F-4F06-9899-69BDFD5BF7FF}
	EndGlobalSection
EndGlobal
